// !$*UTF8*$!
{
	archiveVersion = 1;
	classes = {
	};
	objectVersion = 46;
	objects = {

/* Begin PBXBuildFile section */
		7836CAEB1AD2BE4700FE0DA4 /* main.m in Sources */ = {isa = PBXBuildFile; fileRef = 7836CAEA1AD2BE4700FE0DA4 /* main.m */; };
		7836CAEE1AD2BE4700FE0DA4 /* AppDelegate.m in Sources */ = {isa = PBXBuildFile; fileRef = 7836CAED1AD2BE4700FE0DA4 /* AppDelegate.m */; };
		7836CAF11AD2BE4700FE0DA4 /* ViewController.m in Sources */ = {isa = PBXBuildFile; fileRef = 7836CAF01AD2BE4700FE0DA4 /* ViewController.m */; };
		7836CAF41AD2BE4700FE0DA4 /* Main.storyboard in Resources */ = {isa = PBXBuildFile; fileRef = 7836CAF21AD2BE4700FE0DA4 /* Main.storyboard */; };
		7836CAF61AD2BE4700FE0DA4 /* Images.xcassets in Resources */ = {isa = PBXBuildFile; fileRef = 7836CAF51AD2BE4700FE0DA4 /* Images.xcassets */; };
		7836CAF91AD2BE4700FE0DA4 /* LaunchScreen.xib in Resources */ = {isa = PBXBuildFile; fileRef = 7836CAF71AD2BE4700FE0DA4 /* LaunchScreen.xib */; };
		7836CB051AD2BE4700FE0DA4 /* RSS_TEST_1Tests.m in Sources */ = {isa = PBXBuildFile; fileRef = 7836CB041AD2BE4700FE0DA4 /* RSS_TEST_1Tests.m */; };
		7836CB101AD2CA1200FE0DA4 /* NSParser.m in Sources */ = {isa = PBXBuildFile; fileRef = 7836CB0F1AD2CA1200FE0DA4 /* NSParser.m */; };
		787431B11AD55BB700E841F7 /* categories.plist in Resources */ = {isa = PBXBuildFile; fileRef = 787431B01AD55BB700E841F7 /* categories.plist */; };
		78886F851AD2D6D300D67284 /* NSNews.m in Sources */ = {isa = PBXBuildFile; fileRef = 78886F841AD2D6D300D67284 /* NSNews.m */; };
		78D281051AD33C040001F089 /* NSPreferencesTableViewController.m in Sources */ = {isa = PBXBuildFile; fileRef = 78D281041AD33C040001F089 /* NSPreferencesTableViewController.m */; };
/* End PBXBuildFile section */

/* Begin PBXContainerItemProxy section */
		7836CAFF1AD2BE4700FE0DA4 /* PBXContainerItemProxy */ = {
			isa = PBXContainerItemProxy;
			containerPortal = 7836CADD1AD2BE4700FE0DA4 /* Project object */;
			proxyType = 1;
			remoteGlobalIDString = 7836CAE41AD2BE4700FE0DA4;
			remoteInfo = RSS_TEST_1;
		};
/* End PBXContainerItemProxy section */

/* Begin PBXFileReference section */
		7836CAE51AD2BE4700FE0DA4 /* RSS_TEST_1.app */ = {isa = PBXFileReference; explicitFileType = wrapper.application; includeInIndex = 0; path = RSS_TEST_1.app; sourceTree = BUILT_PRODUCTS_DIR; };
		7836CAE91AD2BE4700FE0DA4 /* Info.plist */ = {isa = PBXFileReference; lastKnownFileType = text.plist.xml; path = Info.plist; sourceTree = "<group>"; };
		7836CAEA1AD2BE4700FE0DA4 /* main.m */ = {isa = PBXFileReference; lastKnownFileType = sourcecode.c.objc; path = main.m; sourceTree = "<group>"; };
		7836CAEC1AD2BE4700FE0DA4 /* AppDelegate.h */ = {isa = PBXFileReference; lastKnownFileType = sourcecode.c.h; path = AppDelegate.h; sourceTree = "<group>"; };
		7836CAED1AD2BE4700FE0DA4 /* AppDelegate.m */ = {isa = PBXFileReference; lastKnownFileType = sourcecode.c.objc; path = AppDelegate.m; sourceTree = "<group>"; };
		7836CAEF1AD2BE4700FE0DA4 /* ViewController.h */ = {isa = PBXFileReference; lastKnownFileType = sourcecode.c.h; path = ViewController.h; sourceTree = "<group>"; };
		7836CAF01AD2BE4700FE0DA4 /* ViewController.m */ = {isa = PBXFileReference; lastKnownFileType = sourcecode.c.objc; path = ViewController.m; sourceTree = "<group>"; };
		7836CAF31AD2BE4700FE0DA4 /* Base */ = {isa = PBXFileReference; lastKnownFileType = file.storyboard; name = Base; path = Base.lproj/Main.storyboard; sourceTree = "<group>"; };
		7836CAF51AD2BE4700FE0DA4 /* Images.xcassets */ = {isa = PBXFileReference; lastKnownFileType = folder.assetcatalog; path = Images.xcassets; sourceTree = "<group>"; };
		7836CAF81AD2BE4700FE0DA4 /* Base */ = {isa = PBXFileReference; lastKnownFileType = file.xib; name = Base; path = Base.lproj/LaunchScreen.xib; sourceTree = "<group>"; };
		7836CAFE1AD2BE4700FE0DA4 /* RSS_TEST_1Tests.xctest */ = {isa = PBXFileReference; explicitFileType = wrapper.cfbundle; includeInIndex = 0; path = RSS_TEST_1Tests.xctest; sourceTree = BUILT_PRODUCTS_DIR; };
		7836CB031AD2BE4700FE0DA4 /* Info.plist */ = {isa = PBXFileReference; lastKnownFileType = text.plist.xml; path = Info.plist; sourceTree = "<group>"; };
		7836CB041AD2BE4700FE0DA4 /* RSS_TEST_1Tests.m */ = {isa = PBXFileReference; lastKnownFileType = sourcecode.c.objc; path = RSS_TEST_1Tests.m; sourceTree = "<group>"; };
		7836CB0E1AD2CA1200FE0DA4 /* NSParser.h */ = {isa = PBXFileReference; fileEncoding = 4; lastKnownFileType = sourcecode.c.h; name = NSParser.h; path = ../NSParser.h; sourceTree = "<group>"; };
		7836CB0F1AD2CA1200FE0DA4 /* NSParser.m */ = {isa = PBXFileReference; fileEncoding = 4; lastKnownFileType = sourcecode.c.objc; name = NSParser.m; path = ../NSParser.m; sourceTree = "<group>"; };
		787431B01AD55BB700E841F7 /* categories.plist */ = {isa = PBXFileReference; fileEncoding = 4; lastKnownFileType = text.plist.xml; path = categories.plist; sourceTree = "<group>"; };
		78886F831AD2D6D300D67284 /* NSNews.h */ = {isa = PBXFileReference; fileEncoding = 4; lastKnownFileType = sourcecode.c.h; name = NSNews.h; path = ../NSNews.h; sourceTree = "<group>"; };
		78886F841AD2D6D300D67284 /* NSNews.m */ = {isa = PBXFileReference; fileEncoding = 4; lastKnownFileType = sourcecode.c.objc; name = NSNews.m; path = ../NSNews.m; sourceTree = "<group>"; };
		78D281031AD33C040001F089 /* NSPreferencesTableViewController.h */ = {isa = PBXFileReference; fileEncoding = 4; lastKnownFileType = sourcecode.c.h; name = NSPreferencesTableViewController.h; path = ../NSPreferencesTableViewController.h; sourceTree = "<group>"; };
		78D281041AD33C040001F089 /* NSPreferencesTableViewController.m */ = {isa = PBXFileReference; fileEncoding = 4; lastKnownFileType = sourcecode.c.objc; name = NSPreferencesTableViewController.m; path = ../NSPreferencesTableViewController.m; sourceTree = "<group>"; };
/* End PBXFileReference section */

/* Begin PBXFrameworksBuildPhase section */
		7836CAE21AD2BE4700FE0DA4 /* Frameworks */ = {
			isa = PBXFrameworksBuildPhase;
			buildActionMask = 2147483647;
			files = (
			);
			runOnlyForDeploymentPostprocessing = 0;
		};
		7836CAFB1AD2BE4700FE0DA4 /* Frameworks */ = {
			isa = PBXFrameworksBuildPhase;
			buildActionMask = 2147483647;
			files = (
			);
			runOnlyForDeploymentPostprocessing = 0;
		};
/* End PBXFrameworksBuildPhase section */

/* Begin PBXGroup section */
		7836CADC1AD2BE4700FE0DA4 = {
			isa = PBXGroup;
			children = (
				7836CAE71AD2BE4700FE0DA4 /* RSS_TEST_1 */,
				7836CB011AD2BE4700FE0DA4 /* RSS_TEST_1Tests */,
				7836CAE61AD2BE4700FE0DA4 /* Products */,
			);
			sourceTree = "<group>";
		};
		7836CAE61AD2BE4700FE0DA4 /* Products */ = {
			isa = PBXGroup;
			children = (
				7836CAE51AD2BE4700FE0DA4 /* RSS_TEST_1.app */,
				7836CAFE1AD2BE4700FE0DA4 /* RSS_TEST_1Tests.xctest */,
			);
			name = Products;
			sourceTree = "<group>";
		};
		7836CAE71AD2BE4700FE0DA4 /* RSS_TEST_1 */ = {
			isa = PBXGroup;
			children = (
				7836CAEC1AD2BE4700FE0DA4 /* AppDelegate.h */,
				7836CAED1AD2BE4700FE0DA4 /* AppDelegate.m */,
				7836CAEF1AD2BE4700FE0DA4 /* ViewController.h */,
				7836CAF01AD2BE4700FE0DA4 /* ViewController.m */,
				7836CAF21AD2BE4700FE0DA4 /* Main.storyboard */,
				7836CB0E1AD2CA1200FE0DA4 /* NSParser.h */,
				7836CB0F1AD2CA1200FE0DA4 /* NSParser.m */,
				78886F831AD2D6D300D67284 /* NSNews.h */,
				78886F841AD2D6D300D67284 /* NSNews.m */,
				78D281031AD33C040001F089 /* NSPreferencesTableViewController.h */,
				78D281041AD33C040001F089 /* NSPreferencesTableViewController.m */,
				787431B01AD55BB700E841F7 /* categories.plist */,
				7836CAF51AD2BE4700FE0DA4 /* Images.xcassets */,
				7836CAF71AD2BE4700FE0DA4 /* LaunchScreen.xib */,
				7836CAE81AD2BE4700FE0DA4 /* Supporting Files */,
			);
			path = RSS_TEST_1;
			sourceTree = "<group>";
		};
		7836CAE81AD2BE4700FE0DA4 /* Supporting Files */ = {
			isa = PBXGroup;
			children = (
				7836CAE91AD2BE4700FE0DA4 /* Info.plist */,
				7836CAEA1AD2BE4700FE0DA4 /* main.m */,
			);
			name = "Supporting Files";
			sourceTree = "<group>";
		};
		7836CB011AD2BE4700FE0DA4 /* RSS_TEST_1Tests */ = {
			isa = PBXGroup;
			children = (
				7836CB041AD2BE4700FE0DA4 /* RSS_TEST_1Tests.m */,
				7836CB021AD2BE4700FE0DA4 /* Supporting Files */,
			);
			path = RSS_TEST_1Tests;
			sourceTree = "<group>";
		};
		7836CB021AD2BE4700FE0DA4 /* Supporting Files */ = {
			isa = PBXGroup;
			children = (
				7836CB031AD2BE4700FE0DA4 /* Info.plist */,
			);
			name = "Supporting Files";
			sourceTree = "<group>";
		};
/* End PBXGroup section */

/* Begin PBXNativeTarget section */
		7836CAE41AD2BE4700FE0DA4 /* RSS_TEST_1 */ = {
			isa = PBXNativeTarget;
			buildConfigurationList = 7836CB081AD2BE4700FE0DA4 /* Build configuration list for PBXNativeTarget "RSS_TEST_1" */;
			buildPhases = (
				7836CAE11AD2BE4700FE0DA4 /* Sources */,
				7836CAE21AD2BE4700FE0DA4 /* Frameworks */,
				7836CAE31AD2BE4700FE0DA4 /* Resources */,
			);
			buildRules = (
			);
			dependencies = (
			);
			name = RSS_TEST_1;
			productName = RSS_TEST_1;
			productReference = 7836CAE51AD2BE4700FE0DA4 /* RSS_TEST_1.app */;
			productType = "com.apple.product-type.application";
		};
		7836CAFD1AD2BE4700FE0DA4 /* RSS_TEST_1Tests */ = {
			isa = PBXNativeTarget;
			buildConfigurationList = 7836CB0B1AD2BE4700FE0DA4 /* Build configuration list for PBXNativeTarget "RSS_TEST_1Tests" */;
			buildPhases = (
				7836CAFA1AD2BE4700FE0DA4 /* Sources */,
				7836CAFB1AD2BE4700FE0DA4 /* Frameworks */,
				7836CAFC1AD2BE4700FE0DA4 /* Resources */,
			);
			buildRules = (
			);
			dependencies = (
				7836CB001AD2BE4700FE0DA4 /* PBXTargetDependency */,
			);
			name = RSS_TEST_1Tests;
			productName = RSS_TEST_1Tests;
			productReference = 7836CAFE1AD2BE4700FE0DA4 /* RSS_TEST_1Tests.xctest */;
			productType = "com.apple.product-type.bundle.unit-test";
		};
/* End PBXNativeTarget section */

/* Begin PBXProject section */
		7836CADD1AD2BE4700FE0DA4 /* Project object */ = {
			isa = PBXProject;
			attributes = {
				LastUpgradeCheck = 0620;
				ORGANIZATIONNAME = Nazand;
				TargetAttributes = {
					7836CAE41AD2BE4700FE0DA4 = {
						CreatedOnToolsVersion = 6.2;
					};
					7836CAFD1AD2BE4700FE0DA4 = {
						CreatedOnToolsVersion = 6.2;
						TestTargetID = 7836CAE41AD2BE4700FE0DA4;
					};
				};
			};
			buildConfigurationList = 7836CAE01AD2BE4700FE0DA4 /* Build configuration list for PBXProject "RSS_TEST_1" */;
			compatibilityVersion = "Xcode 3.2";
			developmentRegion = English;
			hasScannedForEncodings = 0;
			knownRegions = (
				en,
				Base,
			);
			mainGroup = 7836CADC1AD2BE4700FE0DA4;
			productRefGroup = 7836CAE61AD2BE4700FE0DA4 /* Products */;
			projectDirPath = "";
			projectRoot = "";
			targets = (
				7836CAE41AD2BE4700FE0DA4 /* RSS_TEST_1 */,
				7836CAFD1AD2BE4700FE0DA4 /* RSS_TEST_1Tests */,
			);
		};
/* End PBXProject section */

/* Begin PBXResourcesBuildPhase section */
		7836CAE31AD2BE4700FE0DA4 /* Resources */ = {
			isa = PBXResourcesBuildPhase;
			buildActionMask = 2147483647;
			files = (
				787431B11AD55BB700E841F7 /* categories.plist in Resources */,
				7836CAF41AD2BE4700FE0DA4 /* Main.storyboard in Resources */,
				7836CAF91AD2BE4700FE0DA4 /* LaunchScreen.xib in Resources */,
				7836CAF61AD2BE4700FE0DA4 /* Images.xcassets in Resources */,
			);
			runOnlyForDeploymentPostprocessing = 0;
		};
		7836CAFC1AD2BE4700FE0DA4 /* Resources */ = {
			isa = PBXResourcesBuildPhase;
			buildActionMask = 2147483647;
			files = (
			);
			runOnlyForDeploymentPostprocessing = 0;
		};
/* End PBXResourcesBuildPhase section */

/* Begin PBXSourcesBuildPhase section */
		7836CAE11AD2BE4700FE0DA4 /* Sources */ = {
			isa = PBXSourcesBuildPhase;
			buildActionMask = 2147483647;
			files = (
				78886F851AD2D6D300D67284 /* NSNews.m in Sources */,
				78D281051AD33C040001F089 /* NSPreferencesTableViewController.m in Sources */,
				7836CAF11AD2BE4700FE0DA4 /* ViewController.m in Sources */,
				7836CAEE1AD2BE4700FE0DA4 /* AppDelegate.m in Sources */,
				7836CAEB1AD2BE4700FE0DA4 /* main.m in Sources */,
				7836CB101AD2CA1200FE0DA4 /* NSParser.m in Sources */,
			);
			runOnlyForDeploymentPostprocessing = 0;
		};
		7836CAFA1AD2BE4700FE0DA4 /* Sources */ = {
			isa = PBXSourcesBuildPhase;
			buildActionMask = 2147483647;
			files = (
				7836CB051AD2BE4700FE0DA4 /* RSS_TEST_1Tests.m in Sources */,
			);
			runOnlyForDeploymentPostprocessing = 0;
		};
/* End PBXSourcesBuildPhase section */

/* Begin PBXTargetDependency section */
		7836CB001AD2BE4700FE0DA4 /* PBXTargetDependency */ = {
			isa = PBXTargetDependency;
			target = 7836CAE41AD2BE4700FE0DA4 /* RSS_TEST_1 */;
			targetProxy = 7836CAFF1AD2BE4700FE0DA4 /* PBXContainerItemProxy */;
		};
/* End PBXTargetDependency section */

/* Begin PBXVariantGroup section */
		7836CAF21AD2BE4700FE0DA4 /* Main.storyboard */ = {
			isa = PBXVariantGroup;
			children = (
				7836CAF31AD2BE4700FE0DA4 /* Base */,
			);
			name = Main.storyboard;
			sourceTree = "<group>";
		};
		7836CAF71AD2BE4700FE0DA4 /* LaunchScreen.xib */ = {
			isa = PBXVariantGroup;
			children = (
				7836CAF81AD2BE4700FE0DA4 /* Base */,
			);
			name = LaunchScreen.xib;
			sourceTree = "<group>";
		};
/* End PBXVariantGroup section */

/* Begin XCBuildConfiguration section */
		7836CB061AD2BE4700FE0DA4 /* Debug */ = {
			isa = XCBuildConfiguration;
			buildSettings = {
				ALWAYS_SEARCH_USER_PATHS = NO;
				CLANG_CXX_LANGUAGE_STANDARD = "gnu++0x";
				CLANG_CXX_LIBRARY = "libc++";
				CLANG_ENABLE_MODULES = YES;
				CLANG_ENABLE_OBJC_ARC = YES;
				CLANG_WARN_BOOL_CONVERSION = YES;
				CLANG_WARN_CONSTANT_CONVERSION = YES;
				CLANG_WARN_DIRECT_OBJC_ISA_USAGE = YES_ERROR;
				CLANG_WARN_EMPTY_BODY = YES;
				CLANG_WARN_ENUM_CONVERSION = YES;
				CLANG_WARN_INT_CONVERSION = YES;
				CLANG_WARN_OBJC_ROOT_CLASS = YES_ERROR;
				CLANG_WARN_UNREACHABLE_CODE = YES;
				CLANG_WARN__DUPLICATE_METHOD_MATCH = YES;
				"CODE_SIGN_IDENTITY[sdk=iphoneos*]" = "iPhone Developer";
				COPY_PHASE_STRIP = NO;
				ENABLE_STRICT_OBJC_MSGSEND = YES;
				GCC_C_LANGUAGE_STANDARD = gnu99;
				GCC_DYNAMIC_NO_PIC = NO;
				GCC_OPTIMIZATION_LEVEL = 0;
				GCC_PREPROCESSOR_DEFINITIONS = (
					"DEBUG=1",
					"$(inherited)",
				);
				GCC_SYMBOLS_PRIVATE_EXTERN = NO;
				GCC_WARN_64_TO_32_BIT_CONVERSION = YES;
				GCC_WARN_ABOUT_RETURN_TYPE = YES_ERROR;
				GCC_WARN_UNDECLARED_SELECTOR = YES;
				GCC_WARN_UNINITIALIZED_AUTOS = YES_AGGRESSIVE;
				GCC_WARN_UNUSED_FUNCTION = YES;
				GCC_WARN_UNUSED_VARIABLE = YES;
				IPHONEOS_DEPLOYMENT_TARGET = 8.2;
				MTL_ENABLE_DEBUG_INFO = YES;
				ONLY_ACTIVE_ARCH = YES;
				SDKROOT = iphoneos;
				TARGETED_DEVICE_FAMILY = "1,2";
			};
			name = Debug;
		};
		7836CB071AD2BE4700FE0DA4 /* Release */ = {
			isa = XCBuildConfiguration;
			buildSettings = {
				ALWAYS_SEARCH_USER_PATHS = NO;
				CLANG_CXX_LANGUAGE_STANDARD = "gnu++0x";
				CLANG_CXX_LIBRARY = "libc++";
				CLANG_ENABLE_MODULES = YES;
				CLANG_ENABLE_OBJC_ARC = YES;
				CLANG_WARN_BOOL_CONVERSION = YES;
				CLANG_WARN_CONSTANT_CONVERSION = YES;
				CLANG_WARN_DIRECT_OBJC_ISA_USAGE = YES_ERROR;
				CLANG_WARN_EMPTY_BODY = YES;
				CLANG_WARN_ENUM_CONVERSION = YES;
				CLANG_WARN_INT_CONVERSION = YES;
				CLANG_WARN_OBJC_ROOT_CLASS = YES_ERROR;
				CLANG_WARN_UNREACHABLE_CODE = YES;
				CLANG_WARN__DUPLICATE_METHOD_MATCH = YES;
				"CODE_SIGN_IDENTITY[sdk=iphoneos*]" = "iPhone Developer";
				COPY_PHASE_STRIP = NO;
				ENABLE_NS_ASSERTIONS = NO;
				ENABLE_STRICT_OBJC_MSGSEND = YES;
				GCC_C_LANGUAGE_STANDARD = gnu99;
				GCC_WARN_64_TO_32_BIT_CONVERSION = YES;
				GCC_WARN_ABOUT_RETURN_TYPE = YES_ERROR;
				GCC_WARN_UNDECLARED_SELECTOR = YES;
				GCC_WARN_UNINITIALIZED_AUTOS = YES_AGGRESSIVE;
				GCC_WARN_UNUSED_FUNCTION = YES;
				GCC_WARN_UNUSED_VARIABLE = YES;
				IPHONEOS_DEPLOYMENT_TARGET = 8.2;
				MTL_ENABLE_DEBUG_INFO = NO;
				SDKROOT = iphoneos;
				TARGETED_DEVICE_FAMILY = "1,2";
				VALIDATE_PRODUCT = YES;
			};
			name = Release;
		};
		7836CB091AD2BE4700FE0DA4 /* Debug */ = {
			isa = XCBuildConfiguration;
			buildSettings = {
				ASSETCATALOG_COMPILER_APPICON_NAME = AppIcon;
				INFOPLIST_FILE = RSS_TEST_1/Info.plist;
				LD_RUNPATH_SEARCH_PATHS = "$(inherited) @executable_path/Frameworks";
				PRODUCT_NAME = "$(TARGET_NAME)";
			};
			name = Debug;
		};
		7836CB0A1AD2BE4700FE0DA4 /* Release */ = {
			isa = XCBuildConfiguration;
			buildSettings = {
				ASSETCATALOG_COMPILER_APPICON_NAME = AppIcon;
				INFOPLIST_FILE = RSS_TEST_1/Info.plist;
				LD_RUNPATH_SEARCH_PATHS = "$(inherited) @executable_path/Frameworks";
				PRODUCT_NAME = "$(TARGET_NAME)";
			};
			name = Release;
		};
		7836CB0C1AD2BE4700FE0DA4 /* Debug */ = {
			isa = XCBuildConfiguration;
			buildSettings = {
				BUNDLE_LOADER = "$(TEST_HOST)";
				FRAMEWORK_SEARCH_PATHS = (
					"$(SDKROOT)/Developer/Library/Frameworks",
					"$(inherited)",
				);
				GCC_PREPROCESSOR_DEFINITIONS = (
					"DEBUG=1",
					"$(inherited)",
				);
				INFOPLIST_FILE = RSS_TEST_1Tests/Info.plist;
				LD_RUNPATH_SEARCH_PATHS = "$(inherited) @executable_path/Frameworks @loader_path/Frameworks";
				PRODUCT_NAME = "$(TARGET_NAME)";
				TEST_HOST = "$(BUILT_PRODUCTS_DIR)/RSS_TEST_1.app/RSS_TEST_1";
			};
			name = Debug;
		};
		7836CB0D1AD2BE4700FE0DA4 /* Release */ = {
			isa = XCBuildConfiguration;
			buildSettings = {
				BUNDLE_LOADER = "$(TEST_HOST)";
				FRAMEWORK_SEARCH_PATHS = (
					"$(SDKROOT)/Developer/Library/Frameworks",
					"$(inherited)",
				);
				INFOPLIST_FILE = RSS_TEST_1Tests/Info.plist;
				LD_RUNPATH_SEARCH_PATHS = "$(inherited) @executable_path/Frameworks @loader_path/Frameworks";
				PRODUCT_NAME = "$(TARGET_NAME)";
				TEST_HOST = "$(BUILT_PRODUCTS_DIR)/RSS_TEST_1.app/RSS_TEST_1";
			};
			name = Release;
		};
/* End XCBuildConfiguration section */

/* Begin XCConfigurationList section */
		7836CAE01AD2BE4700FE0DA4 /* Build configuration list for PBXProject "RSS_TEST_1" */ = {
			isa = XCConfigurationList;
			buildConfigurations = (
				7836CB061AD2BE4700FE0DA4 /* Debug */,
				7836CB071AD2BE4700FE0DA4 /* Release */,
			);
			defaultConfigurationIsVisible = 0;
			defaultConfigurationName = Release;
		};
		7836CB081AD2BE4700FE0DA4 /* Build configuration list for PBXNativeTarget "RSS_TEST_1" */ = {
			isa = XCConfigurationList;
			buildConfigurations = (
				7836CB091AD2BE4700FE0DA4 /* Debug */,
				7836CB0A1AD2BE4700FE0DA4 /* Release */,
			);
			defaultConfigurationIsVisible = 0;
			defaultConfigurationName = Release;
		};
		7836CB0B1AD2BE4700FE0DA4 /* Build configuration list for PBXNativeTarget "RSS_TEST_1Tests" */ = {
			isa = XCConfigurationList;
			buildConfigurations = (
				7836CB0C1AD2BE4700FE0DA4 /* Debug */,
				7836CB0D1AD2BE4700FE0DA4 /* Release */,
			);
			defaultConfigurationIsVisible = 0;
			defaultConfigurationName = Release;
		};
/* End XCConfigurationList section */
	};
	rootObject = 7836CADD1AD2BE4700FE0DA4 /* Project object */;
}
