// !$*UTF8*$!
{
	archiveVersion = 1;
	classes = {
	};
	objectVersion = 46;
	objects = {

/* Begin PBXBuildFile section */
		782A51AF1AE24AB400FA0ECE /* NSPreferencesTableViewController.m in Sources */ = {isa = PBXBuildFile; fileRef = 782A51AE1AE24AB400FA0ECE /* NSPreferencesTableViewController.m */; };
		782A51B21AE24AC100FA0ECE /* MainViewController.m in Sources */ = {isa = PBXBuildFile; fileRef = 782A51B11AE24AC100FA0ECE /* MainViewController.m */; };
		782A51B51AE25DCF00FA0ECE /* NSParserManager.m in Sources */ = {isa = PBXBuildFile; fileRef = 782A51B41AE25DCF00FA0ECE /* NSParserManager.m */; };
		782A51B81AE25DDF00FA0ECE /* NSDetailViewController.m in Sources */ = {isa = PBXBuildFile; fileRef = 782A51B71AE25DDF00FA0ECE /* NSDetailViewController.m */; };
		782A51BC1AE25E0800FA0ECE /* NSNews.m in Sources */ = {isa = PBXBuildFile; fileRef = 782A51BB1AE25E0800FA0ECE /* NSNews.m */; };
		7836CAEB1AD2BE4700FE0DA4 /* main.m in Sources */ = {isa = PBXBuildFile; fileRef = 7836CAEA1AD2BE4700FE0DA4 /* main.m */; };
		7836CAEE1AD2BE4700FE0DA4 /* AppDelegate.m in Sources */ = {isa = PBXBuildFile; fileRef = 7836CAED1AD2BE4700FE0DA4 /* AppDelegate.m */; };
		7836CAF41AD2BE4700FE0DA4 /* Main.storyboard in Resources */ = {isa = PBXBuildFile; fileRef = 7836CAF21AD2BE4700FE0DA4 /* Main.storyboard */; };
		7836CAF61AD2BE4700FE0DA4 /* Images.xcassets in Resources */ = {isa = PBXBuildFile; fileRef = 7836CAF51AD2BE4700FE0DA4 /* Images.xcassets */; };
		7836CAF91AD2BE4700FE0DA4 /* LaunchScreen.xib in Resources */ = {isa = PBXBuildFile; fileRef = 7836CAF71AD2BE4700FE0DA4 /* LaunchScreen.xib */; };
		7836CB051AD2BE4700FE0DA4 /* RSS_TEST_1Tests.m in Sources */ = {isa = PBXBuildFile; fileRef = 7836CB041AD2BE4700FE0DA4 /* RSS_TEST_1Tests.m */; };
		787431B11AD55BB700E841F7 /* categories.plist in Resources */ = {isa = PBXBuildFile; fileRef = 787431B01AD55BB700E841F7 /* categories.plist */; };
		78BC6FF21AE2945B004F0080 /* menu.png in Resources */ = {isa = PBXBuildFile; fileRef = 78BC6FF11AE2945B004F0080 /* menu.png */; };
		78BC6FF51AE29505004F0080 /* menu@2x.png in Resources */ = {isa = PBXBuildFile; fileRef = 78BC6FF41AE29505004F0080 /* menu@2x.png */; };
		78E393DC1AE3F8F10084CEBC /* AFHTTPRequestOperation.m in Sources */ = {isa = PBXBuildFile; fileRef = 78E393B81AE3F8F10084CEBC /* AFHTTPRequestOperation.m */; };
		78E393DD1AE3F8F10084CEBC /* AFHTTPRequestOperationManager.m in Sources */ = {isa = PBXBuildFile; fileRef = 78E393BA1AE3F8F10084CEBC /* AFHTTPRequestOperationManager.m */; };
		78E393DE1AE3F8F10084CEBC /* AFHTTPSessionManager.m in Sources */ = {isa = PBXBuildFile; fileRef = 78E393BC1AE3F8F10084CEBC /* AFHTTPSessionManager.m */; };
		78E393DF1AE3F8F10084CEBC /* AFNetworkReachabilityManager.m in Sources */ = {isa = PBXBuildFile; fileRef = 78E393BF1AE3F8F10084CEBC /* AFNetworkReachabilityManager.m */; };
		78E393E01AE3F8F10084CEBC /* AFSecurityPolicy.m in Sources */ = {isa = PBXBuildFile; fileRef = 78E393C11AE3F8F10084CEBC /* AFSecurityPolicy.m */; };
		78E393E11AE3F8F10084CEBC /* AFURLConnectionOperation.m in Sources */ = {isa = PBXBuildFile; fileRef = 78E393C31AE3F8F10084CEBC /* AFURLConnectionOperation.m */; };
		78E393E21AE3F8F10084CEBC /* AFURLRequestSerialization.m in Sources */ = {isa = PBXBuildFile; fileRef = 78E393C51AE3F8F10084CEBC /* AFURLRequestSerialization.m */; };
		78E393E31AE3F8F10084CEBC /* AFURLResponseSerialization.m in Sources */ = {isa = PBXBuildFile; fileRef = 78E393C71AE3F8F10084CEBC /* AFURLResponseSerialization.m */; };
		78E393E41AE3F8F10084CEBC /* AFURLSessionManager.m in Sources */ = {isa = PBXBuildFile; fileRef = 78E393C91AE3F8F10084CEBC /* AFURLSessionManager.m */; };
		78E393E51AE3F8F10084CEBC /* AFNetworkActivityIndicatorManager.m in Sources */ = {isa = PBXBuildFile; fileRef = 78E393CC1AE3F8F10084CEBC /* AFNetworkActivityIndicatorManager.m */; };
		78E393E61AE3F8F10084CEBC /* UIActivityIndicatorView+AFNetworking.m in Sources */ = {isa = PBXBuildFile; fileRef = 78E393CE1AE3F8F10084CEBC /* UIActivityIndicatorView+AFNetworking.m */; };
		78E393E71AE3F8F10084CEBC /* UIAlertView+AFNetworking.m in Sources */ = {isa = PBXBuildFile; fileRef = 78E393D01AE3F8F10084CEBC /* UIAlertView+AFNetworking.m */; };
		78E393E81AE3F8F10084CEBC /* UIButton+AFNetworking.m in Sources */ = {isa = PBXBuildFile; fileRef = 78E393D21AE3F8F10084CEBC /* UIButton+AFNetworking.m */; };
		78E393E91AE3F8F10084CEBC /* UIImageView+AFNetworking.m in Sources */ = {isa = PBXBuildFile; fileRef = 78E393D41AE3F8F10084CEBC /* UIImageView+AFNetworking.m */; };
		78E393EA1AE3F8F10084CEBC /* UIProgressView+AFNetworking.m in Sources */ = {isa = PBXBuildFile; fileRef = 78E393D71AE3F8F10084CEBC /* UIProgressView+AFNetworking.m */; };
		78E393EB1AE3F8F10084CEBC /* UIRefreshControl+AFNetworking.m in Sources */ = {isa = PBXBuildFile; fileRef = 78E393D91AE3F8F10084CEBC /* UIRefreshControl+AFNetworking.m */; };
		78E393EC1AE3F8F10084CEBC /* UIWebView+AFNetworking.m in Sources */ = {isa = PBXBuildFile; fileRef = 78E393DB1AE3F8F10084CEBC /* UIWebView+AFNetworking.m */; };
		78FAE9721AE2C70A00D815DD /* NSNewsCell.m in Sources */ = {isa = PBXBuildFile; fileRef = 78FAE9711AE2C70A00D815DD /* NSNewsCell.m */; };
		78FAE9741AE2C7A900D815DD /* NSNewsCell.xib in Resources */ = {isa = PBXBuildFile; fileRef = 78FAE9731AE2C7A900D815DD /* NSNewsCell.xib */; };
		78FB8AD01AE1236C004BFCA0 /* SWRevealViewController.m in Sources */ = {isa = PBXBuildFile; fileRef = 78FB8ACF1AE1236C004BFCA0 /* SWRevealViewController.m */; };
/* End PBXBuildFile section */

/* Begin PBXContainerItemProxy section */
		7836CAFF1AD2BE4700FE0DA4 /* PBXContainerItemProxy */ = {
			isa = PBXContainerItemProxy;
			containerPortal = 7836CADD1AD2BE4700FE0DA4 /* Project object */;
			proxyType = 1;
			remoteGlobalIDString = 7836CAE41AD2BE4700FE0DA4;
			remoteInfo = RSS_TEST_1;
		};
/* End PBXContainerItemProxy section */

/* Begin PBXFileReference section */
		782A51AD1AE24AB400FA0ECE /* NSPreferencesTableViewController.h */ = {isa = PBXFileReference; fileEncoding = 4; lastKnownFileType = sourcecode.c.h; path = NSPreferencesTableViewController.h; sourceTree = "<group>"; };
		782A51AE1AE24AB400FA0ECE /* NSPreferencesTableViewController.m */ = {isa = PBXFileReference; fileEncoding = 4; lastKnownFileType = sourcecode.c.objc; path = NSPreferencesTableViewController.m; sourceTree = "<group>"; };
		782A51B01AE24AC100FA0ECE /* MainViewController.h */ = {isa = PBXFileReference; fileEncoding = 4; lastKnownFileType = sourcecode.c.h; path = MainViewController.h; sourceTree = "<group>"; };
		782A51B11AE24AC100FA0ECE /* MainViewController.m */ = {isa = PBXFileReference; fileEncoding = 4; lastKnownFileType = sourcecode.c.objc; path = MainViewController.m; sourceTree = "<group>"; };
		782A51B31AE25DCE00FA0ECE /* NSParserManager.h */ = {isa = PBXFileReference; fileEncoding = 4; lastKnownFileType = sourcecode.c.h; path = NSParserManager.h; sourceTree = "<group>"; };
		782A51B41AE25DCF00FA0ECE /* NSParserManager.m */ = {isa = PBXFileReference; fileEncoding = 4; lastKnownFileType = sourcecode.c.objc; path = NSParserManager.m; sourceTree = "<group>"; };
		782A51B61AE25DDF00FA0ECE /* NSDetailViewController.h */ = {isa = PBXFileReference; fileEncoding = 4; lastKnownFileType = sourcecode.c.h; path = NSDetailViewController.h; sourceTree = "<group>"; };
		782A51B71AE25DDF00FA0ECE /* NSDetailViewController.m */ = {isa = PBXFileReference; fileEncoding = 4; lastKnownFileType = sourcecode.c.objc; path = NSDetailViewController.m; sourceTree = "<group>"; };
		782A51BA1AE25E0800FA0ECE /* NSNews.h */ = {isa = PBXFileReference; fileEncoding = 4; lastKnownFileType = sourcecode.c.h; path = NSNews.h; sourceTree = "<group>"; };
		782A51BB1AE25E0800FA0ECE /* NSNews.m */ = {isa = PBXFileReference; fileEncoding = 4; lastKnownFileType = sourcecode.c.objc; path = NSNews.m; sourceTree = "<group>"; };
		7836CAE51AD2BE4700FE0DA4 /* RSS_TEST_1.app */ = {isa = PBXFileReference; explicitFileType = wrapper.application; includeInIndex = 0; path = RSS_TEST_1.app; sourceTree = BUILT_PRODUCTS_DIR; };
		7836CAE91AD2BE4700FE0DA4 /* Info.plist */ = {isa = PBXFileReference; lastKnownFileType = text.plist.xml; path = Info.plist; sourceTree = "<group>"; };
		7836CAEA1AD2BE4700FE0DA4 /* main.m */ = {isa = PBXFileReference; lastKnownFileType = sourcecode.c.objc; path = main.m; sourceTree = "<group>"; };
		7836CAEC1AD2BE4700FE0DA4 /* AppDelegate.h */ = {isa = PBXFileReference; lastKnownFileType = sourcecode.c.h; path = AppDelegate.h; sourceTree = "<group>"; };
		7836CAED1AD2BE4700FE0DA4 /* AppDelegate.m */ = {isa = PBXFileReference; lastKnownFileType = sourcecode.c.objc; path = AppDelegate.m; sourceTree = "<group>"; };
		7836CAF31AD2BE4700FE0DA4 /* Base */ = {isa = PBXFileReference; lastKnownFileType = file.storyboard; name = Base; path = Base.lproj/Main.storyboard; sourceTree = "<group>"; };
		7836CAF51AD2BE4700FE0DA4 /* Images.xcassets */ = {isa = PBXFileReference; lastKnownFileType = folder.assetcatalog; path = Images.xcassets; sourceTree = "<group>"; };
		7836CAF81AD2BE4700FE0DA4 /* Base */ = {isa = PBXFileReference; lastKnownFileType = file.xib; name = Base; path = Base.lproj/LaunchScreen.xib; sourceTree = "<group>"; };
		7836CAFE1AD2BE4700FE0DA4 /* RSS_TEST_1Tests.xctest */ = {isa = PBXFileReference; explicitFileType = wrapper.cfbundle; includeInIndex = 0; path = RSS_TEST_1Tests.xctest; sourceTree = BUILT_PRODUCTS_DIR; };
		7836CB031AD2BE4700FE0DA4 /* Info.plist */ = {isa = PBXFileReference; lastKnownFileType = text.plist.xml; path = Info.plist; sourceTree = "<group>"; };
		7836CB041AD2BE4700FE0DA4 /* RSS_TEST_1Tests.m */ = {isa = PBXFileReference; lastKnownFileType = sourcecode.c.objc; path = RSS_TEST_1Tests.m; sourceTree = "<group>"; };
		787431B01AD55BB700E841F7 /* categories.plist */ = {isa = PBXFileReference; fileEncoding = 4; lastKnownFileType = text.plist.xml; path = categories.plist; sourceTree = "<group>"; };
		78BC6FF11AE2945B004F0080 /* menu.png */ = {isa = PBXFileReference; lastKnownFileType = image.png; path = menu.png; sourceTree = "<group>"; };
		78BC6FF41AE29505004F0080 /* menu@2x.png */ = {isa = PBXFileReference; lastKnownFileType = image.png; path = "menu@2x.png"; sourceTree = "<group>"; };
		78E393B71AE3F8F10084CEBC /* AFHTTPRequestOperation.h */ = {isa = PBXFileReference; fileEncoding = 4; lastKnownFileType = sourcecode.c.h; path = AFHTTPRequestOperation.h; sourceTree = "<group>"; };
		78E393B81AE3F8F10084CEBC /* AFHTTPRequestOperation.m */ = {isa = PBXFileReference; fileEncoding = 4; lastKnownFileType = sourcecode.c.objc; path = AFHTTPRequestOperation.m; sourceTree = "<group>"; };
		78E393B91AE3F8F10084CEBC /* AFHTTPRequestOperationManager.h */ = {isa = PBXFileReference; fileEncoding = 4; lastKnownFileType = sourcecode.c.h; path = AFHTTPRequestOperationManager.h; sourceTree = "<group>"; };
		78E393BA1AE3F8F10084CEBC /* AFHTTPRequestOperationManager.m */ = {isa = PBXFileReference; fileEncoding = 4; lastKnownFileType = sourcecode.c.objc; path = AFHTTPRequestOperationManager.m; sourceTree = "<group>"; };
		78E393BB1AE3F8F10084CEBC /* AFHTTPSessionManager.h */ = {isa = PBXFileReference; fileEncoding = 4; lastKnownFileType = sourcecode.c.h; path = AFHTTPSessionManager.h; sourceTree = "<group>"; };
		78E393BC1AE3F8F10084CEBC /* AFHTTPSessionManager.m */ = {isa = PBXFileReference; fileEncoding = 4; lastKnownFileType = sourcecode.c.objc; path = AFHTTPSessionManager.m; sourceTree = "<group>"; };
		78E393BD1AE3F8F10084CEBC /* AFNetworking.h */ = {isa = PBXFileReference; fileEncoding = 4; lastKnownFileType = sourcecode.c.h; path = AFNetworking.h; sourceTree = "<group>"; };
		78E393BE1AE3F8F10084CEBC /* AFNetworkReachabilityManager.h */ = {isa = PBXFileReference; fileEncoding = 4; lastKnownFileType = sourcecode.c.h; path = AFNetworkReachabilityManager.h; sourceTree = "<group>"; };
		78E393BF1AE3F8F10084CEBC /* AFNetworkReachabilityManager.m */ = {isa = PBXFileReference; fileEncoding = 4; lastKnownFileType = sourcecode.c.objc; path = AFNetworkReachabilityManager.m; sourceTree = "<group>"; };
		78E393C01AE3F8F10084CEBC /* AFSecurityPolicy.h */ = {isa = PBXFileReference; fileEncoding = 4; lastKnownFileType = sourcecode.c.h; path = AFSecurityPolicy.h; sourceTree = "<group>"; };
		78E393C11AE3F8F10084CEBC /* AFSecurityPolicy.m */ = {isa = PBXFileReference; fileEncoding = 4; lastKnownFileType = sourcecode.c.objc; path = AFSecurityPolicy.m; sourceTree = "<group>"; };
		78E393C21AE3F8F10084CEBC /* AFURLConnectionOperation.h */ = {isa = PBXFileReference; fileEncoding = 4; lastKnownFileType = sourcecode.c.h; path = AFURLConnectionOperation.h; sourceTree = "<group>"; };
		78E393C31AE3F8F10084CEBC /* AFURLConnectionOperation.m */ = {isa = PBXFileReference; fileEncoding = 4; lastKnownFileType = sourcecode.c.objc; path = AFURLConnectionOperation.m; sourceTree = "<group>"; };
		78E393C41AE3F8F10084CEBC /* AFURLRequestSerialization.h */ = {isa = PBXFileReference; fileEncoding = 4; lastKnownFileType = sourcecode.c.h; path = AFURLRequestSerialization.h; sourceTree = "<group>"; };
		78E393C51AE3F8F10084CEBC /* AFURLRequestSerialization.m */ = {isa = PBXFileReference; fileEncoding = 4; lastKnownFileType = sourcecode.c.objc; path = AFURLRequestSerialization.m; sourceTree = "<group>"; };
		78E393C61AE3F8F10084CEBC /* AFURLResponseSerialization.h */ = {isa = PBXFileReference; fileEncoding = 4; lastKnownFileType = sourcecode.c.h; path = AFURLResponseSerialization.h; sourceTree = "<group>"; };
		78E393C71AE3F8F10084CEBC /* AFURLResponseSerialization.m */ = {isa = PBXFileReference; fileEncoding = 4; lastKnownFileType = sourcecode.c.objc; path = AFURLResponseSerialization.m; sourceTree = "<group>"; };
		78E393C81AE3F8F10084CEBC /* AFURLSessionManager.h */ = {isa = PBXFileReference; fileEncoding = 4; lastKnownFileType = sourcecode.c.h; path = AFURLSessionManager.h; sourceTree = "<group>"; };
		78E393C91AE3F8F10084CEBC /* AFURLSessionManager.m */ = {isa = PBXFileReference; fileEncoding = 4; lastKnownFileType = sourcecode.c.objc; path = AFURLSessionManager.m; sourceTree = "<group>"; };
		78E393CB1AE3F8F10084CEBC /* AFNetworkActivityIndicatorManager.h */ = {isa = PBXFileReference; fileEncoding = 4; lastKnownFileType = sourcecode.c.h; path = AFNetworkActivityIndicatorManager.h; sourceTree = "<group>"; };
		78E393CC1AE3F8F10084CEBC /* AFNetworkActivityIndicatorManager.m */ = {isa = PBXFileReference; fileEncoding = 4; lastKnownFileType = sourcecode.c.objc; path = AFNetworkActivityIndicatorManager.m; sourceTree = "<group>"; };
		78E393CD1AE3F8F10084CEBC /* UIActivityIndicatorView+AFNetworking.h */ = {isa = PBXFileReference; fileEncoding = 4; lastKnownFileType = sourcecode.c.h; path = "UIActivityIndicatorView+AFNetworking.h"; sourceTree = "<group>"; };
		78E393CE1AE3F8F10084CEBC /* UIActivityIndicatorView+AFNetworking.m */ = {isa = PBXFileReference; fileEncoding = 4; lastKnownFileType = sourcecode.c.objc; path = "UIActivityIndicatorView+AFNetworking.m"; sourceTree = "<group>"; };
		78E393CF1AE3F8F10084CEBC /* UIAlertView+AFNetworking.h */ = {isa = PBXFileReference; fileEncoding = 4; lastKnownFileType = sourcecode.c.h; path = "UIAlertView+AFNetworking.h"; sourceTree = "<group>"; };
		78E393D01AE3F8F10084CEBC /* UIAlertView+AFNetworking.m */ = {isa = PBXFileReference; fileEncoding = 4; lastKnownFileType = sourcecode.c.objc; path = "UIAlertView+AFNetworking.m"; sourceTree = "<group>"; };
		78E393D11AE3F8F10084CEBC /* UIButton+AFNetworking.h */ = {isa = PBXFileReference; fileEncoding = 4; lastKnownFileType = sourcecode.c.h; path = "UIButton+AFNetworking.h"; sourceTree = "<group>"; };
		78E393D21AE3F8F10084CEBC /* UIButton+AFNetworking.m */ = {isa = PBXFileReference; fileEncoding = 4; lastKnownFileType = sourcecode.c.objc; path = "UIButton+AFNetworking.m"; sourceTree = "<group>"; };
		78E393D31AE3F8F10084CEBC /* UIImageView+AFNetworking.h */ = {isa = PBXFileReference; fileEncoding = 4; lastKnownFileType = sourcecode.c.h; path = "UIImageView+AFNetworking.h"; sourceTree = "<group>"; };
		78E393D41AE3F8F10084CEBC /* UIImageView+AFNetworking.m */ = {isa = PBXFileReference; fileEncoding = 4; lastKnownFileType = sourcecode.c.objc; path = "UIImageView+AFNetworking.m"; sourceTree = "<group>"; };
		78E393D51AE3F8F10084CEBC /* UIKit+AFNetworking.h */ = {isa = PBXFileReference; fileEncoding = 4; lastKnownFileType = sourcecode.c.h; path = "UIKit+AFNetworking.h"; sourceTree = "<group>"; };
		78E393D61AE3F8F10084CEBC /* UIProgressView+AFNetworking.h */ = {isa = PBXFileReference; fileEncoding = 4; lastKnownFileType = sourcecode.c.h; path = "UIProgressView+AFNetworking.h"; sourceTree = "<group>"; };
		78E393D71AE3F8F10084CEBC /* UIProgressView+AFNetworking.m */ = {isa = PBXFileReference; fileEncoding = 4; lastKnownFileType = sourcecode.c.objc; path = "UIProgressView+AFNetworking.m"; sourceTree = "<group>"; };
		78E393D81AE3F8F10084CEBC /* UIRefreshControl+AFNetworking.h */ = {isa = PBXFileReference; fileEncoding = 4; lastKnownFileType = sourcecode.c.h; path = "UIRefreshControl+AFNetworking.h"; sourceTree = "<group>"; };
		78E393D91AE3F8F10084CEBC /* UIRefreshControl+AFNetworking.m */ = {isa = PBXFileReference; fileEncoding = 4; lastKnownFileType = sourcecode.c.objc; path = "UIRefreshControl+AFNetworking.m"; sourceTree = "<group>"; };
		78E393DA1AE3F8F10084CEBC /* UIWebView+AFNetworking.h */ = {isa = PBXFileReference; fileEncoding = 4; lastKnownFileType = sourcecode.c.h; path = "UIWebView+AFNetworking.h"; sourceTree = "<group>"; };
		78E393DB1AE3F8F10084CEBC /* UIWebView+AFNetworking.m */ = {isa = PBXFileReference; fileEncoding = 4; lastKnownFileType = sourcecode.c.objc; path = "UIWebView+AFNetworking.m"; sourceTree = "<group>"; };
		78FAE9701AE2C70A00D815DD /* NSNewsCell.h */ = {isa = PBXFileReference; fileEncoding = 4; lastKnownFileType = sourcecode.c.h; name = NSNewsCell.h; path = ../NSNewsCell.h; sourceTree = "<group>"; };
		78FAE9711AE2C70A00D815DD /* NSNewsCell.m */ = {isa = PBXFileReference; fileEncoding = 4; lastKnownFileType = sourcecode.c.objc; name = NSNewsCell.m; path = ../NSNewsCell.m; sourceTree = "<group>"; };
		78FAE9731AE2C7A900D815DD /* NSNewsCell.xib */ = {isa = PBXFileReference; fileEncoding = 4; lastKnownFileType = file.xib; name = NSNewsCell.xib; path = ../NSNewsCell.xib; sourceTree = "<group>"; };
		78FB8ACE1AE1236C004BFCA0 /* SWRevealViewController.h */ = {isa = PBXFileReference; fileEncoding = 4; lastKnownFileType = sourcecode.c.h; path = SWRevealViewController.h; sourceTree = "<group>"; };
		78FB8ACF1AE1236C004BFCA0 /* SWRevealViewController.m */ = {isa = PBXFileReference; fileEncoding = 4; lastKnownFileType = sourcecode.c.objc; path = SWRevealViewController.m; sourceTree = "<group>"; };
/* End PBXFileReference section */

/* Begin PBXFrameworksBuildPhase section */
		7836CAE21AD2BE4700FE0DA4 /* Frameworks */ = {
			isa = PBXFrameworksBuildPhase;
			buildActionMask = 2147483647;
			files = (
			);
			runOnlyForDeploymentPostprocessing = 0;
		};
		7836CAFB1AD2BE4700FE0DA4 /* Frameworks */ = {
			isa = PBXFrameworksBuildPhase;
			buildActionMask = 2147483647;
			files = (
			);
			runOnlyForDeploymentPostprocessing = 0;
		};
/* End PBXFrameworksBuildPhase section */

/* Begin PBXGroup section */
		782A51A91AE2451A00FA0ECE /* SWRevealViewContoller */ = {
			isa = PBXGroup;
			children = (
				78FB8ACE1AE1236C004BFCA0 /* SWRevealViewController.h */,
				78FB8ACF1AE1236C004BFCA0 /* SWRevealViewController.m */,
			);
			name = SWRevealViewContoller;
			sourceTree = "<group>";
		};
		782A51B91AE25DF500FA0ECE /* Models */ = {
			isa = PBXGroup;
			children = (
				782A51BA1AE25E0800FA0ECE /* NSNews.h */,
				782A51BB1AE25E0800FA0ECE /* NSNews.m */,
			);
			name = Models;
			sourceTree = "<group>";
		};
		7836CADC1AD2BE4700FE0DA4 = {
			isa = PBXGroup;
			children = (
				7836CAE71AD2BE4700FE0DA4 /* RSS_TEST_1 */,
				7836CB011AD2BE4700FE0DA4 /* RSS_TEST_1Tests */,
				7836CAE61AD2BE4700FE0DA4 /* Products */,
			);
			sourceTree = "<group>";
		};
		7836CAE61AD2BE4700FE0DA4 /* Products */ = {
			isa = PBXGroup;
			children = (
				7836CAE51AD2BE4700FE0DA4 /* RSS_TEST_1.app */,
				7836CAFE1AD2BE4700FE0DA4 /* RSS_TEST_1Tests.xctest */,
			);
			name = Products;
			sourceTree = "<group>";
		};
		7836CAE71AD2BE4700FE0DA4 /* RSS_TEST_1 */ = {
			isa = PBXGroup;
			children = (
				78E393B51AE3F8F10084CEBC /* Libs */,
				782A51B91AE25DF500FA0ECE /* Models */,
				782A51A91AE2451A00FA0ECE /* SWRevealViewContoller */,
				7836CAEC1AD2BE4700FE0DA4 /* AppDelegate.h */,
				7836CAED1AD2BE4700FE0DA4 /* AppDelegate.m */,
				782A51B01AE24AC100FA0ECE /* MainViewController.h */,
				782A51B11AE24AC100FA0ECE /* MainViewController.m */,
				782A51AD1AE24AB400FA0ECE /* NSPreferencesTableViewController.h */,
				782A51AE1AE24AB400FA0ECE /* NSPreferencesTableViewController.m */,
				782A51B31AE25DCE00FA0ECE /* NSParserManager.h */,
				782A51B41AE25DCF00FA0ECE /* NSParserManager.m */,
				782A51B61AE25DDF00FA0ECE /* NSDetailViewController.h */,
				782A51B71AE25DDF00FA0ECE /* NSDetailViewController.m */,
				78FAE9701AE2C70A00D815DD /* NSNewsCell.h */,
				78FAE9711AE2C70A00D815DD /* NSNewsCell.m */,
				78FAE9731AE2C7A900D815DD /* NSNewsCell.xib */,
				7836CAF21AD2BE4700FE0DA4 /* Main.storyboard */,
				787431B01AD55BB700E841F7 /* categories.plist */,
				7836CAF51AD2BE4700FE0DA4 /* Images.xcassets */,
				7836CAF71AD2BE4700FE0DA4 /* LaunchScreen.xib */,
				78BC6FF31AE294B2004F0080 /* Images */,
				7836CAE81AD2BE4700FE0DA4 /* Supporting Files */,
			);
			path = RSS_TEST_1;
			sourceTree = "<group>";
		};
		7836CAE81AD2BE4700FE0DA4 /* Supporting Files */ = {
			isa = PBXGroup;
			children = (
				7836CAE91AD2BE4700FE0DA4 /* Info.plist */,
				7836CAEA1AD2BE4700FE0DA4 /* main.m */,
			);
			name = "Supporting Files";
			sourceTree = "<group>";
		};
		7836CB011AD2BE4700FE0DA4 /* RSS_TEST_1Tests */ = {
			isa = PBXGroup;
			children = (
				7836CB041AD2BE4700FE0DA4 /* RSS_TEST_1Tests.m */,
				7836CB021AD2BE4700FE0DA4 /* Supporting Files */,
			);
			path = RSS_TEST_1Tests;
			sourceTree = "<group>";
		};
		7836CB021AD2BE4700FE0DA4 /* Supporting Files */ = {
			isa = PBXGroup;
			children = (
				7836CB031AD2BE4700FE0DA4 /* Info.plist */,
			);
			name = "Supporting Files";
			sourceTree = "<group>";
		};
		78BC6FF31AE294B2004F0080 /* Images */ = {
			isa = PBXGroup;
			children = (
				78BC6FF41AE29505004F0080 /* menu@2x.png */,
				78BC6FF11AE2945B004F0080 /* menu.png */,
			);
			name = Images;
			sourceTree = "<group>";
		};
		78E393B51AE3F8F10084CEBC /* Libs */ = {
			isa = PBXGroup;
			children = (
				78E393B61AE3F8F10084CEBC /* AFNetworking */,
				78E393CA1AE3F8F10084CEBC /* UIKit+AFNetworking */,
			);
			name = Libs;
			path = ../../../FootballRSSReader/Libs;
			sourceTree = "<group>";
		};
		78E393B61AE3F8F10084CEBC /* AFNetworking */ = {
			isa = PBXGroup;
			children = (
				78E393B71AE3F8F10084CEBC /* AFHTTPRequestOperation.h */,
				78E393B81AE3F8F10084CEBC /* AFHTTPRequestOperation.m */,
				78E393B91AE3F8F10084CEBC /* AFHTTPRequestOperationManager.h */,
				78E393BA1AE3F8F10084CEBC /* AFHTTPRequestOperationManager.m */,
				78E393BB1AE3F8F10084CEBC /* AFHTTPSessionManager.h */,
				78E393BC1AE3F8F10084CEBC /* AFHTTPSessionManager.m */,
				78E393BD1AE3F8F10084CEBC /* AFNetworking.h */,
				78E393BE1AE3F8F10084CEBC /* AFNetworkReachabilityManager.h */,
				78E393BF1AE3F8F10084CEBC /* AFNetworkReachabilityManager.m */,
				78E393C01AE3F8F10084CEBC /* AFSecurityPolicy.h */,
				78E393C11AE3F8F10084CEBC /* AFSecurityPolicy.m */,
				78E393C21AE3F8F10084CEBC /* AFURLConnectionOperation.h */,
				78E393C31AE3F8F10084CEBC /* AFURLConnectionOperation.m */,
				78E393C41AE3F8F10084CEBC /* AFURLRequestSerialization.h */,
				78E393C51AE3F8F10084CEBC /* AFURLRequestSerialization.m */,
				78E393C61AE3F8F10084CEBC /* AFURLResponseSerialization.h */,
				78E393C71AE3F8F10084CEBC /* AFURLResponseSerialization.m */,
				78E393C81AE3F8F10084CEBC /* AFURLSessionManager.h */,
				78E393C91AE3F8F10084CEBC /* AFURLSessionManager.m */,
			);
			path = AFNetworking;
			sourceTree = "<group>";
		};
		78E393CA1AE3F8F10084CEBC /* UIKit+AFNetworking */ = {
			isa = PBXGroup;
			children = (
				78E393CB1AE3F8F10084CEBC /* AFNetworkActivityIndicatorManager.h */,
				78E393CC1AE3F8F10084CEBC /* AFNetworkActivityIndicatorManager.m */,
				78E393CD1AE3F8F10084CEBC /* UIActivityIndicatorView+AFNetworking.h */,
				78E393CE1AE3F8F10084CEBC /* UIActivityIndicatorView+AFNetworking.m */,
				78E393CF1AE3F8F10084CEBC /* UIAlertView+AFNetworking.h */,
				78E393D01AE3F8F10084CEBC /* UIAlertView+AFNetworking.m */,
				78E393D11AE3F8F10084CEBC /* UIButton+AFNetworking.h */,
				78E393D21AE3F8F10084CEBC /* UIButton+AFNetworking.m */,
				78E393D31AE3F8F10084CEBC /* UIImageView+AFNetworking.h */,
				78E393D41AE3F8F10084CEBC /* UIImageView+AFNetworking.m */,
				78E393D51AE3F8F10084CEBC /* UIKit+AFNetworking.h */,
				78E393D61AE3F8F10084CEBC /* UIProgressView+AFNetworking.h */,
				78E393D71AE3F8F10084CEBC /* UIProgressView+AFNetworking.m */,
				78E393D81AE3F8F10084CEBC /* UIRefreshControl+AFNetworking.h */,
				78E393D91AE3F8F10084CEBC /* UIRefreshControl+AFNetworking.m */,
				78E393DA1AE3F8F10084CEBC /* UIWebView+AFNetworking.h */,
				78E393DB1AE3F8F10084CEBC /* UIWebView+AFNetworking.m */,
			);
			path = "UIKit+AFNetworking";
			sourceTree = "<group>";
		};
/* End PBXGroup section */

/* Begin PBXNativeTarget section */
		7836CAE41AD2BE4700FE0DA4 /* RSS_TEST_1 */ = {
			isa = PBXNativeTarget;
			buildConfigurationList = 7836CB081AD2BE4700FE0DA4 /* Build configuration list for PBXNativeTarget "RSS_TEST_1" */;
			buildPhases = (
				7836CAE11AD2BE4700FE0DA4 /* Sources */,
				7836CAE21AD2BE4700FE0DA4 /* Frameworks */,
				7836CAE31AD2BE4700FE0DA4 /* Resources */,
			);
			buildRules = (
			);
			dependencies = (
			);
			name = RSS_TEST_1;
			productName = RSS_TEST_1;
			productReference = 7836CAE51AD2BE4700FE0DA4 /* RSS_TEST_1.app */;
			productType = "com.apple.product-type.application";
		};
		7836CAFD1AD2BE4700FE0DA4 /* RSS_TEST_1Tests */ = {
			isa = PBXNativeTarget;
			buildConfigurationList = 7836CB0B1AD2BE4700FE0DA4 /* Build configuration list for PBXNativeTarget "RSS_TEST_1Tests" */;
			buildPhases = (
				7836CAFA1AD2BE4700FE0DA4 /* Sources */,
				7836CAFB1AD2BE4700FE0DA4 /* Frameworks */,
				7836CAFC1AD2BE4700FE0DA4 /* Resources */,
			);
			buildRules = (
			);
			dependencies = (
				7836CB001AD2BE4700FE0DA4 /* PBXTargetDependency */,
			);
			name = RSS_TEST_1Tests;
			productName = RSS_TEST_1Tests;
			productReference = 7836CAFE1AD2BE4700FE0DA4 /* RSS_TEST_1Tests.xctest */;
			productType = "com.apple.product-type.bundle.unit-test";
		};
/* End PBXNativeTarget section */

/* Begin PBXProject section */
		7836CADD1AD2BE4700FE0DA4 /* Project object */ = {
			isa = PBXProject;
			attributes = {
				LastUpgradeCheck = 0620;
				ORGANIZATIONNAME = Nazand;
				TargetAttributes = {
					7836CAE41AD2BE4700FE0DA4 = {
						CreatedOnToolsVersion = 6.2;
					};
					7836CAFD1AD2BE4700FE0DA4 = {
						CreatedOnToolsVersion = 6.2;
						TestTargetID = 7836CAE41AD2BE4700FE0DA4;
					};
				};
			};
			buildConfigurationList = 7836CAE01AD2BE4700FE0DA4 /* Build configuration list for PBXProject "RSS_TEST_1" */;
			compatibilityVersion = "Xcode 3.2";
			developmentRegion = English;
			hasScannedForEncodings = 0;
			knownRegions = (
				en,
				Base,
			);
			mainGroup = 7836CADC1AD2BE4700FE0DA4;
			productRefGroup = 7836CAE61AD2BE4700FE0DA4 /* Products */;
			projectDirPath = "";
			projectRoot = "";
			targets = (
				7836CAE41AD2BE4700FE0DA4 /* RSS_TEST_1 */,
				7836CAFD1AD2BE4700FE0DA4 /* RSS_TEST_1Tests */,
			);
		};
/* End PBXProject section */

/* Begin PBXResourcesBuildPhase section */
		7836CAE31AD2BE4700FE0DA4 /* Resources */ = {
			isa = PBXResourcesBuildPhase;
			buildActionMask = 2147483647;
			files = (
				787431B11AD55BB700E841F7 /* categories.plist in Resources */,
				78BC6FF51AE29505004F0080 /* menu@2x.png in Resources */,
				78FAE9741AE2C7A900D815DD /* NSNewsCell.xib in Resources */,
				78BC6FF21AE2945B004F0080 /* menu.png in Resources */,
				7836CAF41AD2BE4700FE0DA4 /* Main.storyboard in Resources */,
				7836CAF91AD2BE4700FE0DA4 /* LaunchScreen.xib in Resources */,
				7836CAF61AD2BE4700FE0DA4 /* Images.xcassets in Resources */,
			);
			runOnlyForDeploymentPostprocessing = 0;
		};
		7836CAFC1AD2BE4700FE0DA4 /* Resources */ = {
			isa = PBXResourcesBuildPhase;
			buildActionMask = 2147483647;
			files = (
			);
			runOnlyForDeploymentPostprocessing = 0;
		};
/* End PBXResourcesBuildPhase section */

/* Begin PBXSourcesBuildPhase section */
		7836CAE11AD2BE4700FE0DA4 /* Sources */ = {
			isa = PBXSourcesBuildPhase;
			buildActionMask = 2147483647;
			files = (
				78E393E01AE3F8F10084CEBC /* AFSecurityPolicy.m in Sources */,
				7836CAEE1AD2BE4700FE0DA4 /* AppDelegate.m in Sources */,
				78E393DF1AE3F8F10084CEBC /* AFNetworkReachabilityManager.m in Sources */,
				782A51BC1AE25E0800FA0ECE /* NSNews.m in Sources */,
				78E393E51AE3F8F10084CEBC /* AFNetworkActivityIndicatorManager.m in Sources */,
				78E393E91AE3F8F10084CEBC /* UIImageView+AFNetworking.m in Sources */,
				78E393E11AE3F8F10084CEBC /* AFURLConnectionOperation.m in Sources */,
				78E393E61AE3F8F10084CEBC /* UIActivityIndicatorView+AFNetworking.m in Sources */,
				78E393EC1AE3F8F10084CEBC /* UIWebView+AFNetworking.m in Sources */,
				78E393DC1AE3F8F10084CEBC /* AFHTTPRequestOperation.m in Sources */,
				78E393DE1AE3F8F10084CEBC /* AFHTTPSessionManager.m in Sources */,
				78E393E71AE3F8F10084CEBC /* UIAlertView+AFNetworking.m in Sources */,
				78E393E21AE3F8F10084CEBC /* AFURLRequestSerialization.m in Sources */,
				782A51B81AE25DDF00FA0ECE /* NSDetailViewController.m in Sources */,
				78E393E41AE3F8F10084CEBC /* AFURLSessionManager.m in Sources */,
				782A51B21AE24AC100FA0ECE /* MainViewController.m in Sources */,
				78E393DD1AE3F8F10084CEBC /* AFHTTPRequestOperationManager.m in Sources */,
				78E393EA1AE3F8F10084CEBC /* UIProgressView+AFNetworking.m in Sources */,
				7836CAEB1AD2BE4700FE0DA4 /* main.m in Sources */,
				78E393E81AE3F8F10084CEBC /* UIButton+AFNetworking.m in Sources */,
				78E393E31AE3F8F10084CEBC /* AFURLResponseSerialization.m in Sources */,
				782A51B51AE25DCF00FA0ECE /* NSParserManager.m in Sources */,
				78FB8AD01AE1236C004BFCA0 /* SWRevealViewController.m in Sources */,
				78E393EB1AE3F8F10084CEBC /* UIRefreshControl+AFNetworking.m in Sources */,
				782A51AF1AE24AB400FA0ECE /* NSPreferencesTableViewController.m in Sources */,
				78FAE9721AE2C70A00D815DD /* NSNewsCell.m in Sources */,
			);
			runOnlyForDeploymentPostprocessing = 0;
		};
		7836CAFA1AD2BE4700FE0DA4 /* Sources */ = {
			isa = PBXSourcesBuildPhase;
			buildActionMask = 2147483647;
			files = (
				7836CB051AD2BE4700FE0DA4 /* RSS_TEST_1Tests.m in Sources */,
			);
			runOnlyForDeploymentPostprocessing = 0;
		};
/* End PBXSourcesBuildPhase section */

/* Begin PBXTargetDependency section */
		7836CB001AD2BE4700FE0DA4 /* PBXTargetDependency */ = {
			isa = PBXTargetDependency;
			target = 7836CAE41AD2BE4700FE0DA4 /* RSS_TEST_1 */;
			targetProxy = 7836CAFF1AD2BE4700FE0DA4 /* PBXContainerItemProxy */;
		};
/* End PBXTargetDependency section */

/* Begin PBXVariantGroup section */
		7836CAF21AD2BE4700FE0DA4 /* Main.storyboard */ = {
			isa = PBXVariantGroup;
			children = (
				7836CAF31AD2BE4700FE0DA4 /* Base */,
			);
			name = Main.storyboard;
			sourceTree = "<group>";
		};
		7836CAF71AD2BE4700FE0DA4 /* LaunchScreen.xib */ = {
			isa = PBXVariantGroup;
			children = (
				7836CAF81AD2BE4700FE0DA4 /* Base */,
			);
			name = LaunchScreen.xib;
			sourceTree = "<group>";
		};
/* End PBXVariantGroup section */

/* Begin XCBuildConfiguration section */
		7836CB061AD2BE4700FE0DA4 /* Debug */ = {
			isa = XCBuildConfiguration;
			buildSettings = {
				ALWAYS_SEARCH_USER_PATHS = NO;
				CLANG_CXX_LANGUAGE_STANDARD = "gnu++0x";
				CLANG_CXX_LIBRARY = "libc++";
				CLANG_ENABLE_MODULES = YES;
				CLANG_ENABLE_OBJC_ARC = YES;
				CLANG_WARN_BOOL_CONVERSION = YES;
				CLANG_WARN_CONSTANT_CONVERSION = YES;
				CLANG_WARN_DIRECT_OBJC_ISA_USAGE = YES_ERROR;
				CLANG_WARN_EMPTY_BODY = YES;
				CLANG_WARN_ENUM_CONVERSION = YES;
				CLANG_WARN_INT_CONVERSION = YES;
				CLANG_WARN_OBJC_ROOT_CLASS = YES_ERROR;
				CLANG_WARN_UNREACHABLE_CODE = YES;
				CLANG_WARN__DUPLICATE_METHOD_MATCH = YES;
				"CODE_SIGN_IDENTITY[sdk=iphoneos*]" = "iPhone Developer";
				COPY_PHASE_STRIP = NO;
				ENABLE_STRICT_OBJC_MSGSEND = YES;
				GCC_C_LANGUAGE_STANDARD = gnu99;
				GCC_DYNAMIC_NO_PIC = NO;
				GCC_OPTIMIZATION_LEVEL = 0;
				GCC_PREPROCESSOR_DEFINITIONS = (
					"DEBUG=1",
					"$(inherited)",
				);
				GCC_SYMBOLS_PRIVATE_EXTERN = NO;
				GCC_WARN_64_TO_32_BIT_CONVERSION = YES;
				GCC_WARN_ABOUT_RETURN_TYPE = YES_ERROR;
				GCC_WARN_UNDECLARED_SELECTOR = YES;
				GCC_WARN_UNINITIALIZED_AUTOS = YES_AGGRESSIVE;
				GCC_WARN_UNUSED_FUNCTION = YES;
				GCC_WARN_UNUSED_VARIABLE = YES;
				IPHONEOS_DEPLOYMENT_TARGET = 8.2;
				MTL_ENABLE_DEBUG_INFO = YES;
				ONLY_ACTIVE_ARCH = YES;
				SDKROOT = iphoneos;
				TARGETED_DEVICE_FAMILY = "1,2";
			};
			name = Debug;
		};
		7836CB071AD2BE4700FE0DA4 /* Release */ = {
			isa = XCBuildConfiguration;
			buildSettings = {
				ALWAYS_SEARCH_USER_PATHS = NO;
				CLANG_CXX_LANGUAGE_STANDARD = "gnu++0x";
				CLANG_CXX_LIBRARY = "libc++";
				CLANG_ENABLE_MODULES = YES;
				CLANG_ENABLE_OBJC_ARC = YES;
				CLANG_WARN_BOOL_CONVERSION = YES;
				CLANG_WARN_CONSTANT_CONVERSION = YES;
				CLANG_WARN_DIRECT_OBJC_ISA_USAGE = YES_ERROR;
				CLANG_WARN_EMPTY_BODY = YES;
				CLANG_WARN_ENUM_CONVERSION = YES;
				CLANG_WARN_INT_CONVERSION = YES;
				CLANG_WARN_OBJC_ROOT_CLASS = YES_ERROR;
				CLANG_WARN_UNREACHABLE_CODE = YES;
				CLANG_WARN__DUPLICATE_METHOD_MATCH = YES;
				"CODE_SIGN_IDENTITY[sdk=iphoneos*]" = "iPhone Developer";
				COPY_PHASE_STRIP = NO;
				ENABLE_NS_ASSERTIONS = NO;
				ENABLE_STRICT_OBJC_MSGSEND = YES;
				GCC_C_LANGUAGE_STANDARD = gnu99;
				GCC_WARN_64_TO_32_BIT_CONVERSION = YES;
				GCC_WARN_ABOUT_RETURN_TYPE = YES_ERROR;
				GCC_WARN_UNDECLARED_SELECTOR = YES;
				GCC_WARN_UNINITIALIZED_AUTOS = YES_AGGRESSIVE;
				GCC_WARN_UNUSED_FUNCTION = YES;
				GCC_WARN_UNUSED_VARIABLE = YES;
				IPHONEOS_DEPLOYMENT_TARGET = 8.2;
				MTL_ENABLE_DEBUG_INFO = NO;
				SDKROOT = iphoneos;
				TARGETED_DEVICE_FAMILY = "1,2";
				VALIDATE_PRODUCT = YES;
			};
			name = Release;
		};
		7836CB091AD2BE4700FE0DA4 /* Debug */ = {
			isa = XCBuildConfiguration;
			buildSettings = {
				ASSETCATALOG_COMPILER_APPICON_NAME = AppIcon;
				INFOPLIST_FILE = RSS_TEST_1/Info.plist;
				LD_RUNPATH_SEARCH_PATHS = "$(inherited) @executable_path/Frameworks";
				PRODUCT_NAME = "$(TARGET_NAME)";
			};
			name = Debug;
		};
		7836CB0A1AD2BE4700FE0DA4 /* Release */ = {
			isa = XCBuildConfiguration;
			buildSettings = {
				ASSETCATALOG_COMPILER_APPICON_NAME = AppIcon;
				INFOPLIST_FILE = RSS_TEST_1/Info.plist;
				LD_RUNPATH_SEARCH_PATHS = "$(inherited) @executable_path/Frameworks";
				PRODUCT_NAME = "$(TARGET_NAME)";
			};
			name = Release;
		};
		7836CB0C1AD2BE4700FE0DA4 /* Debug */ = {
			isa = XCBuildConfiguration;
			buildSettings = {
				BUNDLE_LOADER = "$(TEST_HOST)";
				FRAMEWORK_SEARCH_PATHS = (
					"$(SDKROOT)/Developer/Library/Frameworks",
					"$(inherited)",
				);
				GCC_PREPROCESSOR_DEFINITIONS = (
					"DEBUG=1",
					"$(inherited)",
				);
				INFOPLIST_FILE = RSS_TEST_1Tests/Info.plist;
				LD_RUNPATH_SEARCH_PATHS = "$(inherited) @executable_path/Frameworks @loader_path/Frameworks";
				PRODUCT_NAME = "$(TARGET_NAME)";
				TEST_HOST = "$(BUILT_PRODUCTS_DIR)/RSS_TEST_1.app/RSS_TEST_1";
			};
			name = Debug;
		};
		7836CB0D1AD2BE4700FE0DA4 /* Release */ = {
			isa = XCBuildConfiguration;
			buildSettings = {
				BUNDLE_LOADER = "$(TEST_HOST)";
				FRAMEWORK_SEARCH_PATHS = (
					"$(SDKROOT)/Developer/Library/Frameworks",
					"$(inherited)",
				);
				INFOPLIST_FILE = RSS_TEST_1Tests/Info.plist;
				LD_RUNPATH_SEARCH_PATHS = "$(inherited) @executable_path/Frameworks @loader_path/Frameworks";
				PRODUCT_NAME = "$(TARGET_NAME)";
				TEST_HOST = "$(BUILT_PRODUCTS_DIR)/RSS_TEST_1.app/RSS_TEST_1";
			};
			name = Release;
		};
/* End XCBuildConfiguration section */

/* Begin XCConfigurationList section */
		7836CAE01AD2BE4700FE0DA4 /* Build configuration list for PBXProject "RSS_TEST_1" */ = {
			isa = XCConfigurationList;
			buildConfigurations = (
				7836CB061AD2BE4700FE0DA4 /* Debug */,
				7836CB071AD2BE4700FE0DA4 /* Release */,
			);
			defaultConfigurationIsVisible = 0;
			defaultConfigurationName = Release;
		};
		7836CB081AD2BE4700FE0DA4 /* Build configuration list for PBXNativeTarget "RSS_TEST_1" */ = {
			isa = XCConfigurationList;
			buildConfigurations = (
				7836CB091AD2BE4700FE0DA4 /* Debug */,
				7836CB0A1AD2BE4700FE0DA4 /* Release */,
			);
			defaultConfigurationIsVisible = 0;
			defaultConfigurationName = Release;
		};
		7836CB0B1AD2BE4700FE0DA4 /* Build configuration list for PBXNativeTarget "RSS_TEST_1Tests" */ = {
			isa = XCConfigurationList;
			buildConfigurations = (
				7836CB0C1AD2BE4700FE0DA4 /* Debug */,
				7836CB0D1AD2BE4700FE0DA4 /* Release */,
			);
			defaultConfigurationIsVisible = 0;
			defaultConfigurationName = Release;
		};
/* End XCConfigurationList section */
	};
	rootObject = 7836CADD1AD2BE4700FE0DA4 /* Project object */;
}
